
Microsoft Visual Studio Solution File, Format Version 12.00
# Visual Studio 14
VisualStudioVersion = 14.0.25420.1
MinimumVisualStudioVersion = 10.0.40219.1
Project("{FAE04EC0-301F-11D3-BF4B-00C04F79EFBC}") = "NotifactionSender", "NotifactionSender\NotifactionSender.csproj", "{4E97F80C-E4B9-468C-8A43-74276FEC5B56}"
EndProject
Project("{FAE04EC0-301F-11D3-BF4B-00C04F79EFBC}") = "NotificationApplication", "NotificationApplication\NotificationApplication.csproj", "{EC862478-FDB5-4769-B3A8-7A6D6BDF63AE}"
EndProject
Project("{FAE04EC0-301F-11D3-BF4B-00C04F79EFBC}") = "EmailSender", "EmailSender\EmailSender.csproj", "{9213290A-B9F6-458B-884C-7DC766C8120F}"
EndProject
Project("{FAE04EC0-301F-11D3-BF4B-00C04F79EFBC}") = "Persons", "Persons\Persons.csproj", "{200812FD-1927-42BB-A5B5-B1262FC6617E}"
EndProject
Project("{2150E333-8FDC-42A3-9474-1A3956D46DE8}") = "Solution Items", "Solution Items", "{59BF6FB7-91E4-4AAF-855D-D6F8F9CBD54A}"
EndProject
Project("{FAE04EC0-301F-11D3-BF4B-00C04F79EFBC}") = "FileWrite", "FilaWrite\FileWrite.csproj", "{4E2342D0-B4B4-4527-911A-DCA9EB18F29A}"
EndProject
Global
	GlobalSection(SolutionConfigurationPlatforms) = preSolution
		Debug|Any CPU = Debug|Any CPU
		Release|Any CPU = Release|Any CPU
	EndGlobalSection
	GlobalSection(ProjectConfigurationPlatforms) = postSolution
		{4E97F80C-E4B9-468C-8A43-74276FEC5B56}.Debug|Any CPU.ActiveCfg = Debug|Any CPU
		{4E97F80C-E4B9-468C-8A43-74276FEC5B56}.Debug|Any CPU.Build.0 = Debug|Any CPU
		{4E97F80C-E4B9-468C-8A43-74276FEC5B56}.Release|Any CPU.ActiveCfg = Release|Any CPU
		{4E97F80C-E4B9-468C-8A43-74276FEC5B56}.Release|Any CPU.Build.0 = Release|Any CPU
		{EC862478-FDB5-4769-B3A8-7A6D6BDF63AE}.Debug|Any CPU.ActiveCfg = Debug|Any CPU
		{EC862478-FDB5-4769-B3A8-7A6D6BDF63AE}.Debug|Any CPU.Build.0 = Debug|Any CPU
		{EC862478-FDB5-4769-B3A8-7A6D6BDF63AE}.Release|Any CPU.ActiveCfg = Release|Any CPU
		{EC862478-FDB5-4769-B3A8-7A6D6BDF63AE}.Release|Any CPU.Build.0 = Release|Any CPU
		{9213290A-B9F6-458B-884C-7DC766C8120F}.Debug|Any CPU.ActiveCfg = Debug|Any CPU
		{9213290A-B9F6-458B-884C-7DC766C8120F}.Debug|Any CPU.Build.0 = Debug|Any CPU
		{9213290A-B9F6-458B-884C-7DC766C8120F}.Release|Any CPU.ActiveCfg = Release|Any CPU
		{9213290A-B9F6-458B-884C-7DC766C8120F}.Release|Any CPU.Build.0 = Release|Any CPU
		{200812FD-1927-42BB-A5B5-B1262FC6617E}.Debug|Any CPU.ActiveCfg = Debug|Any CPU
		{200812FD-1927-42BB-A5B5-B1262FC6617E}.Debug|Any CPU.Build.0 = Debug|Any CPU
		{200812FD-1927-42BB-A5B5-B1262FC6617E}.Release|Any CPU.ActiveCfg = Release|Any CPU
		{200812FD-1927-42BB-A5B5-B1262FC6617E}.Release|Any CPU.Build.0 = Release|Any CPU
		{4E2342D0-B4B4-4527-911A-DCA9EB18F29A}.Debug|Any CPU.ActiveCfg = Debug|Any CPU
		{4E2342D0-B4B4-4527-911A-DCA9EB18F29A}.Debug|Any CPU.Build.0 = Debug|Any CPU
		{4E2342D0-B4B4-4527-911A-DCA9EB18F29A}.Release|Any CPU.ActiveCfg = Release|Any CPU
		{4E2342D0-B4B4-4527-911A-DCA9EB18F29A}.Release|Any CPU.Build.0 = Release|Any CPU
	EndGlobalSection
	GlobalSection(SolutionProperties) = preSolution
		HideSolutionNode = FALSE
	EndGlobalSection
EndGlobal
